
Microsoft Visual Studio Solution File, Format Version 12.00
# Visual Studio Version 17
VisualStudioVersion = 17.5.33414.496
MinimumVisualStudioVersion = 10.0.40219.1
Project("{9A19103F-16F7-4668-BE54-9A1E7A4F7556}") = "AquaPlayground.Backend.Common", "AquaPlayground.Backend.Common\AquaPlayground.Backend.Common.csproj", "{2C03399D-7733-45B7-BE75-363D4F014F31}"
EndProject
Project("{9A19103F-16F7-4668-BE54-9A1E7A4F7556}") = "AquaPlayground.Backend.DataLayer", "AquaPlayground.Backend.DataLayer\AquaPlayground.Backend.DataLayer.csproj", "{8D1A72FA-A1F7-46A9-98F1-3946A882B72F}"
EndProject
Project("{9A19103F-16F7-4668-BE54-9A1E7A4F7556}") = "AquaPlayground.Backend.Web", "AquaPlayground.Backend.Web\AquaPlayground.Backend.Web.csproj", "{F51DA58D-F3CA-4E95-B0D5-26FF0FB5B840}"
EndProject
Project("{9A19103F-16F7-4668-BE54-9A1E7A4F7556}") = "AquaPlayground.Backend.BuisnessLayer", "AquaPlayground.Backend.BuisnessLayer\AquaPlayground.Backend.BuisnessLayer.csproj", "{FB11D8E0-A0B1-48E7-891F-146522B0BB43}"
	ProjectSection(ProjectDependencies) = postProject
		{2C03399D-7733-45B7-BE75-363D4F014F31} = {2C03399D-7733-45B7-BE75-363D4F014F31}
	EndProjectSection
EndProject
Project("{FAE04EC0-301F-11D3-BF4B-00C04F79EFBC}") = "AquaPlayground.Backend.Tests", "AquaPlayground.Backend.Tests\AquaPlayground.Backend.Tests.csproj", "{0A5471C3-B148-4F0F-BC61-B454FAD21003}"
EndProject
Global
	GlobalSection(SolutionConfigurationPlatforms) = preSolution
		Debug|Any CPU = Debug|Any CPU
		Release|Any CPU = Release|Any CPU
	EndGlobalSection
	GlobalSection(ProjectConfigurationPlatforms) = postSolution
		{2C03399D-7733-45B7-BE75-363D4F014F31}.Debug|Any CPU.ActiveCfg = Debug|Any CPU
		{2C03399D-7733-45B7-BE75-363D4F014F31}.Debug|Any CPU.Build.0 = Debug|Any CPU
		{2C03399D-7733-45B7-BE75-363D4F014F31}.Release|Any CPU.ActiveCfg = Release|Any CPU
		{2C03399D-7733-45B7-BE75-363D4F014F31}.Release|Any CPU.Build.0 = Release|Any CPU
		{8D1A72FA-A1F7-46A9-98F1-3946A882B72F}.Debug|Any CPU.ActiveCfg = Debug|Any CPU
		{8D1A72FA-A1F7-46A9-98F1-3946A882B72F}.Debug|Any CPU.Build.0 = Debug|Any CPU
		{8D1A72FA-A1F7-46A9-98F1-3946A882B72F}.Release|Any CPU.ActiveCfg = Release|Any CPU
		{8D1A72FA-A1F7-46A9-98F1-3946A882B72F}.Release|Any CPU.Build.0 = Release|Any CPU
		{F51DA58D-F3CA-4E95-B0D5-26FF0FB5B840}.Debug|Any CPU.ActiveCfg = Debug|Any CPU
		{F51DA58D-F3CA-4E95-B0D5-26FF0FB5B840}.Debug|Any CPU.Build.0 = Debug|Any CPU
		{F51DA58D-F3CA-4E95-B0D5-26FF0FB5B840}.Release|Any CPU.ActiveCfg = Release|Any CPU
		{F51DA58D-F3CA-4E95-B0D5-26FF0FB5B840}.Release|Any CPU.Build.0 = Release|Any CPU
		{FB11D8E0-A0B1-48E7-891F-146522B0BB43}.Debug|Any CPU.ActiveCfg = Debug|Any CPU
		{FB11D8E0-A0B1-48E7-891F-146522B0BB43}.Debug|Any CPU.Build.0 = Debug|Any CPU
		{FB11D8E0-A0B1-48E7-891F-146522B0BB43}.Release|Any CPU.ActiveCfg = Release|Any CPU
		{FB11D8E0-A0B1-48E7-891F-146522B0BB43}.Release|Any CPU.Build.0 = Release|Any CPU
		{0A5471C3-B148-4F0F-BC61-B454FAD21003}.Debug|Any CPU.ActiveCfg = Debug|Any CPU
		{0A5471C3-B148-4F0F-BC61-B454FAD21003}.Debug|Any CPU.Build.0 = Debug|Any CPU
		{0A5471C3-B148-4F0F-BC61-B454FAD21003}.Release|Any CPU.ActiveCfg = Release|Any CPU
		{0A5471C3-B148-4F0F-BC61-B454FAD21003}.Release|Any CPU.Build.0 = Release|Any CPU
	EndGlobalSection
	GlobalSection(SolutionProperties) = preSolution
		HideSolutionNode = FALSE
	EndGlobalSection
	GlobalSection(ExtensibilityGlobals) = postSolution
		SolutionGuid = {97CC5603-A8A6-4EF7-9564-B40DCFF833C7}
	EndGlobalSection
EndGlobal
